
Microsoft Visual Studio Solution File, Format Version 12.00
# Visual Studio Version 17
VisualStudioVersion = 17.8.34330.188
MinimumVisualStudioVersion = 10.0.40219.1
Project("{FAE04EC0-301F-11D3-BF4B-00C04F79EFBC}") = "CustomerAPI", "CustomerAPI.csproj", "{0CFE744D-3DEF-485E-9C36-13AB7B448779}"
EndProject
Global
	GlobalSection(SolutionConfigurationPlatforms) = preSolution
		Debug|Any CPU = Debug|Any CPU
		Release|Any CPU = Release|Any CPU
	EndGlobalSection
	GlobalSection(ProjectConfigurationPlatforms) = postSolution
		{0CFE744D-3DEF-485E-9C36-13AB7B448779}.Debug|Any CPU.ActiveCfg = Debug|Any CPU
		{0CFE744D-3DEF-485E-9C36-13AB7B448779}.Debug|Any CPU.Build.0 = Debug|Any CPU
		{0CFE744D-3DEF-485E-9C36-13AB7B448779}.Release|Any CPU.ActiveCfg = Release|Any CPU
		{0CFE744D-3DEF-485E-9C36-13AB7B448779}.Release|Any CPU.Build.0 = Release|Any CPU
	EndGlobalSection
	GlobalSection(SolutionProperties) = preSolution
		HideSolutionNode = FALSE
	EndGlobalSection
	GlobalSection(ExtensibilityGlobals) = postSolution
		SolutionGuid = {1EC8CBF9-C6B5-46D7-8124-3C60AFA2A881}
	EndGlobalSection
EndGlobal
